
Microsoft Visual Studio Solution File, Format Version 12.00
# Visual Studio Version 16
VisualStudioVersion = 16.0.31019.35
MinimumVisualStudioVersion = 10.0.40219.1
Project("{2150E333-8FDC-42A3-9474-1A3956D46DE8}") = "Infrastructures", "Infrastructures", "{4123A0E8-65B5-4C4E-92A2-DF97DC0598FA}"
EndProject
Project("{FAE04EC0-301F-11D3-BF4B-00C04F79EFBC}") = "Samples.Server.Domain.Contracts", "Samples.Server.Domain.Contracts\Samples.Server.Domain.Contracts.csproj", "{5512C587-6E38-44BB-8078-5D4D5C7341B5}"
EndProject
Project("{FAE04EC0-301F-11D3-BF4B-00C04F79EFBC}") = "Samples.Server.Api", "Samples.Server.Api\Samples.Server.Api.csproj", "{2CB9F5FE-9DEF-4977-A898-C40143625EBC}"
EndProject
Project("{FAE04EC0-301F-11D3-BF4B-00C04F79EFBC}") = "Samples.Server.Domain.Implementation", "Samples.Server.Domain.Implementation\Samples.Server.Domain.Implementation.csproj", "{9732B4F0-6309-4E50-BCE3-3AFAFAF58A7D}"
EndProject
Project("{FAE04EC0-301F-11D3-BF4B-00C04F79EFBC}") = "Samples.Server.Domain.Entities", "Samples.Server.Domain.Entities\Samples.Server.Domain.Entities.csproj", "{9F12BECB-8135-4CC3-BA56-BB8F34383A3C}"
EndProject
Project("{FAE04EC0-301F-11D3-BF4B-00C04F79EFBC}") = "Samples.Server.Data.Context.AdoDotNet", "Samples.Server.Data.Context.AdoDotNet\Samples.Server.Data.Context.AdoDotNet.csproj", "{D1C8AA50-6AAA-41B7-858D-652CA121C540}"
EndProject
Project("{FAE04EC0-301F-11D3-BF4B-00C04F79EFBC}") = "Samples.Server.Data.Context.EntityFramework", "Samples.Server.Data.Context.EntityFramework\Samples.Server.Data.Context.EntityFramework.csproj", "{3385F33E-EAE6-450A-99CC-24F5D77864B9}"
EndProject
Project("{9A19103F-16F7-4668-BE54-9A1E7A4F7556}") = "Samples.Server.GraphQL.Facade", "Samples.Server.GraphQL.Facade\Samples.Server.GraphQL.Facade.csproj", "{1A688B25-4665-47A2-881E-98EE880F9CAC}"
EndProject
Project("{FAE04EC0-301F-11D3-BF4B-00C04F79EFBC}") = "LogoFX.Web.Core", "..\common\LogoFX.Web.Core\LogoFX.Web.Core.csproj", "{33BF59DC-D43B-42B3-AD67-EEF477F76BB5}"
EndProject
Project("{FAE04EC0-301F-11D3-BF4B-00C04F79EFBC}") = "LogoFX.WebApi2.Core", "..\common\LogoFX.WebApi2.Core\LogoFX.WebApi2.Core.csproj", "{2DF223E2-2DD9-41B9-9609-92676F0D6D59}"
EndProject
Project("{FAE04EC0-301F-11D3-BF4B-00C04F79EFBC}") = "LogoFX.Practices.IoC", "..\common\LogoFX.Practices.IoC\LogoFX.Practices.IoC.csproj", "{CB390942-3103-4C81-9B6A-F948B402A181}"
EndProject
Project("{FAE04EC0-301F-11D3-BF4B-00C04F79EFBC}") = "LogoFX.Practices.Composition", "..\common\LogoFX.Practices.Composition\LogoFX.Practices.Composition.csproj", "{284CBDD1-AADB-4CA2-B6F3-88548E9F0764}"
EndProject
Project("{FAE04EC0-301F-11D3-BF4B-00C04F79EFBC}") = "LogoFX.Practices.IoC.SimpleContainer", "..\common\LogoFX.Practices.IoC.SimpleContainer\LogoFX.Practices.IoC.SimpleContainer.csproj", "{50CB854F-8AE9-4A2D-A45B-8A4E0D14B91B}"
EndProject
Project("{FAE04EC0-301F-11D3-BF4B-00C04F79EFBC}") = "LogoFX.Data.Repository.AdoDotNet", "..\common\LogoFX.Data.Repository.AdoDotNet\LogoFX.Data.Repository.AdoDotNet.csproj", "{9F697E06-D181-4ADD-AFFF-21BDD86B38CD}"
EndProject
Project("{FAE04EC0-301F-11D3-BF4B-00C04F79EFBC}") = "LogoFX.Data.DbContext.AdoDotNet", "..\common\LogoFX.Data.DbContext.AdoDotNet\LogoFX.Data.DbContext.AdoDotNet.csproj", "{423164EA-A2E5-4F2A-AFEF-A86416BAB6FB}"
EndProject
Project("{FAE04EC0-301F-11D3-BF4B-00C04F79EFBC}") = "LogoFX.Data.Entities", "..\common\LogoFX.Data.Entities\LogoFX.Data.Entities.csproj", "{495E91C5-B078-48FC-9B6C-FEE5CE1A55A2}"
EndProject
Project("{FAE04EC0-301F-11D3-BF4B-00C04F79EFBC}") = "LogoFX.Data.Repository.EntityFramework", "..\common\LogoFX.Data.Repository.EntityFramework\LogoFX.Data.Repository.EntityFramework.csproj", "{04E0EB59-6A37-47D9-B3A5-6E5A9CF423CF}"
EndProject
Project("{FAE04EC0-301F-11D3-BF4B-00C04F79EFBC}") = "LogoFX.Data.DbContext.EntityFramework", "..\common\LogoFX.Data.DbContext.EntityFramework\LogoFX.Data.DbContext.EntityFramework.csproj", "{481EA4B8-825F-4E4A-B657-7D581F33A8C1}"
EndProject
Project("{FAE04EC0-301F-11D3-BF4B-00C04F79EFBC}") = "LogoFX.Data.Repository", "..\common\LogoFX.Data.Repository\LogoFX.Data.Repository.csproj", "{E9369002-B29E-43F3-BE05-44CB874A58A4}"
EndProject
Project("{00D1A9C2-B5F0-4AF3-8072-F6C62B433612}") = "Samples.Server.SampleDB", "..\common\LogoFX.ElasticSearch.SampleDB\Samples.Server.SampleDB.sqlproj", "{C8243A05-0564-4FBB-B603-5141ED12A687}"
EndProject
Project("{FAE04EC0-301F-11D3-BF4B-00C04F79EFBC}") = "Samples.Server.Facade", "Samples.Server.Facade\Samples.Server.Facade.csproj", "{DE170738-2426-4146-A0D2-45D659E15390}"
EndProject
Global
	GlobalSection(SolutionConfigurationPlatforms) = preSolution
		DebugAdoNet|Any CPU = DebugAdoNet|Any CPU
		DebugAdoNet|x64 = DebugAdoNet|x64
		DebugEF|Any CPU = DebugEF|Any CPU
		DebugEF|x64 = DebugEF|x64
		Release|Any CPU = Release|Any CPU
		Release|x64 = Release|x64
	EndGlobalSection
	GlobalSection(ProjectConfigurationPlatforms) = postSolution
		{5512C587-6E38-44BB-8078-5D4D5C7341B5}.DebugAdoNet|Any CPU.ActiveCfg = Debug|Any CPU
		{5512C587-6E38-44BB-8078-5D4D5C7341B5}.DebugAdoNet|Any CPU.Build.0 = Debug|Any CPU
		{5512C587-6E38-44BB-8078-5D4D5C7341B5}.DebugAdoNet|x64.ActiveCfg = Debug|Any CPU
		{5512C587-6E38-44BB-8078-5D4D5C7341B5}.DebugAdoNet|x64.Build.0 = Debug|Any CPU
		{5512C587-6E38-44BB-8078-5D4D5C7341B5}.DebugEF|Any CPU.ActiveCfg = Debug|Any CPU
		{5512C587-6E38-44BB-8078-5D4D5C7341B5}.DebugEF|Any CPU.Build.0 = Debug|Any CPU
		{5512C587-6E38-44BB-8078-5D4D5C7341B5}.DebugEF|x64.ActiveCfg = Debug|Any CPU
		{5512C587-6E38-44BB-8078-5D4D5C7341B5}.Release|Any CPU.ActiveCfg = Release|Any CPU
		{5512C587-6E38-44BB-8078-5D4D5C7341B5}.Release|Any CPU.Build.0 = Release|Any CPU
		{5512C587-6E38-44BB-8078-5D4D5C7341B5}.Release|x64.ActiveCfg = Release|Any CPU
		{5512C587-6E38-44BB-8078-5D4D5C7341B5}.Release|x64.Build.0 = Release|Any CPU
		{2CB9F5FE-9DEF-4977-A898-C40143625EBC}.DebugAdoNet|Any CPU.ActiveCfg = DebugAdoNet|Any CPU
		{2CB9F5FE-9DEF-4977-A898-C40143625EBC}.DebugAdoNet|Any CPU.Build.0 = DebugAdoNet|Any CPU
		{2CB9F5FE-9DEF-4977-A898-C40143625EBC}.DebugAdoNet|x64.ActiveCfg = DebugAdoNet|Any CPU
		{2CB9F5FE-9DEF-4977-A898-C40143625EBC}.DebugAdoNet|x64.Build.0 = DebugAdoNet|Any CPU
		{2CB9F5FE-9DEF-4977-A898-C40143625EBC}.DebugEF|Any CPU.ActiveCfg = DebugEF|Any CPU
		{2CB9F5FE-9DEF-4977-A898-C40143625EBC}.DebugEF|Any CPU.Build.0 = DebugEF|Any CPU
		{2CB9F5FE-9DEF-4977-A898-C40143625EBC}.DebugEF|x64.ActiveCfg = DebugEF|Any CPU
		{2CB9F5FE-9DEF-4977-A898-C40143625EBC}.DebugEF|x64.Build.0 = DebugEF|Any CPU
		{2CB9F5FE-9DEF-4977-A898-C40143625EBC}.Release|Any CPU.ActiveCfg = Release|Any CPU
		{2CB9F5FE-9DEF-4977-A898-C40143625EBC}.Release|Any CPU.Build.0 = Release|Any CPU
		{2CB9F5FE-9DEF-4977-A898-C40143625EBC}.Release|x64.ActiveCfg = Release|Any CPU
		{2CB9F5FE-9DEF-4977-A898-C40143625EBC}.Release|x64.Build.0 = Release|Any CPU
		{9732B4F0-6309-4E50-BCE3-3AFAFAF58A7D}.DebugAdoNet|Any CPU.ActiveCfg = DebugAdoNet|Any CPU
		{9732B4F0-6309-4E50-BCE3-3AFAFAF58A7D}.DebugAdoNet|Any CPU.Build.0 = DebugAdoNet|Any CPU
		{9732B4F0-6309-4E50-BCE3-3AFAFAF58A7D}.DebugAdoNet|x64.ActiveCfg = DebugAdoNet|Any CPU
		{9732B4F0-6309-4E50-BCE3-3AFAFAF58A7D}.DebugAdoNet|x64.Build.0 = DebugAdoNet|Any CPU
		{9732B4F0-6309-4E50-BCE3-3AFAFAF58A7D}.DebugEF|Any CPU.ActiveCfg = DebugEF|Any CPU
		{9732B4F0-6309-4E50-BCE3-3AFAFAF58A7D}.DebugEF|Any CPU.Build.0 = DebugEF|Any CPU
		{9732B4F0-6309-4E50-BCE3-3AFAFAF58A7D}.DebugEF|x64.ActiveCfg = DebugEF|Any CPU
		{9732B4F0-6309-4E50-BCE3-3AFAFAF58A7D}.DebugEF|x64.Build.0 = DebugEF|Any CPU
		{9732B4F0-6309-4E50-BCE3-3AFAFAF58A7D}.Release|Any CPU.ActiveCfg = Release|Any CPU
		{9732B4F0-6309-4E50-BCE3-3AFAFAF58A7D}.Release|Any CPU.Build.0 = Release|Any CPU
		{9732B4F0-6309-4E50-BCE3-3AFAFAF58A7D}.Release|x64.ActiveCfg = Release|Any CPU
		{9732B4F0-6309-4E50-BCE3-3AFAFAF58A7D}.Release|x64.Build.0 = Release|Any CPU
		{9F12BECB-8135-4CC3-BA56-BB8F34383A3C}.DebugAdoNet|Any CPU.ActiveCfg = Debug|Any CPU
		{9F12BECB-8135-4CC3-BA56-BB8F34383A3C}.DebugAdoNet|Any CPU.Build.0 = Debug|Any CPU
		{9F12BECB-8135-4CC3-BA56-BB8F34383A3C}.DebugAdoNet|x64.ActiveCfg = Debug|Any CPU
		{9F12BECB-8135-4CC3-BA56-BB8F34383A3C}.DebugAdoNet|x64.Build.0 = Debug|Any CPU
		{9F12BECB-8135-4CC3-BA56-BB8F34383A3C}.DebugEF|Any CPU.ActiveCfg = Debug|Any CPU
		{9F12BECB-8135-4CC3-BA56-BB8F34383A3C}.DebugEF|Any CPU.Build.0 = Debug|Any CPU
		{9F12BECB-8135-4CC3-BA56-BB8F34383A3C}.DebugEF|x64.ActiveCfg = Debug|Any CPU
		{9F12BECB-8135-4CC3-BA56-BB8F34383A3C}.Release|Any CPU.ActiveCfg = Release|Any CPU
		{9F12BECB-8135-4CC3-BA56-BB8F34383A3C}.Release|Any CPU.Build.0 = Release|Any CPU
		{9F12BECB-8135-4CC3-BA56-BB8F34383A3C}.Release|x64.ActiveCfg = Release|Any CPU
		{9F12BECB-8135-4CC3-BA56-BB8F34383A3C}.Release|x64.Build.0 = Release|Any CPU
		{D1C8AA50-6AAA-41B7-858D-652CA121C540}.DebugAdoNet|Any CPU.ActiveCfg = DebugAdoNet|Any CPU
		{D1C8AA50-6AAA-41B7-858D-652CA121C540}.DebugAdoNet|Any CPU.Build.0 = DebugAdoNet|Any CPU
		{D1C8AA50-6AAA-41B7-858D-652CA121C540}.DebugAdoNet|x64.ActiveCfg = DebugAdoNet|Any CPU
		{D1C8AA50-6AAA-41B7-858D-652CA121C540}.DebugAdoNet|x64.Build.0 = DebugAdoNet|Any CPU
		{D1C8AA50-6AAA-41B7-858D-652CA121C540}.DebugEF|Any CPU.ActiveCfg = DebugAdoNet|Any CPU
		{D1C8AA50-6AAA-41B7-858D-652CA121C540}.DebugEF|Any CPU.Build.0 = DebugAdoNet|Any CPU
		{D1C8AA50-6AAA-41B7-858D-652CA121C540}.DebugEF|x64.ActiveCfg = DebugAdoNet|Any CPU
		{D1C8AA50-6AAA-41B7-858D-652CA121C540}.Release|Any CPU.ActiveCfg = Release|Any CPU
		{D1C8AA50-6AAA-41B7-858D-652CA121C540}.Release|Any CPU.Build.0 = Release|Any CPU
		{D1C8AA50-6AAA-41B7-858D-652CA121C540}.Release|x64.ActiveCfg = Release|Any CPU
		{D1C8AA50-6AAA-41B7-858D-652CA121C540}.Release|x64.Build.0 = Release|Any CPU
		{3385F33E-EAE6-450A-99CC-24F5D77864B9}.DebugAdoNet|Any CPU.ActiveCfg = DebugEF|Any CPU
		{3385F33E-EAE6-450A-99CC-24F5D77864B9}.DebugAdoNet|Any CPU.Build.0 = DebugEF|Any CPU
		{3385F33E-EAE6-450A-99CC-24F5D77864B9}.DebugAdoNet|x64.ActiveCfg = DebugEF|Any CPU
		{3385F33E-EAE6-450A-99CC-24F5D77864B9}.DebugEF|Any CPU.ActiveCfg = DebugEF|Any CPU
		{3385F33E-EAE6-450A-99CC-24F5D77864B9}.DebugEF|Any CPU.Build.0 = DebugEF|Any CPU
		{3385F33E-EAE6-450A-99CC-24F5D77864B9}.DebugEF|x64.ActiveCfg = DebugEF|Any CPU
		{3385F33E-EAE6-450A-99CC-24F5D77864B9}.DebugEF|x64.Build.0 = DebugEF|Any CPU
		{3385F33E-EAE6-450A-99CC-24F5D77864B9}.Release|Any CPU.ActiveCfg = Release|Any CPU
		{3385F33E-EAE6-450A-99CC-24F5D77864B9}.Release|Any CPU.Build.0 = Release|Any CPU
		{3385F33E-EAE6-450A-99CC-24F5D77864B9}.Release|x64.ActiveCfg = Release|Any CPU
		{3385F33E-EAE6-450A-99CC-24F5D77864B9}.Release|x64.Build.0 = Release|Any CPU
		{1A688B25-4665-47A2-881E-98EE880F9CAC}.DebugAdoNet|Any CPU.ActiveCfg = Debug|Any CPU
		{1A688B25-4665-47A2-881E-98EE880F9CAC}.DebugAdoNet|Any CPU.Build.0 = Debug|Any CPU
		{1A688B25-4665-47A2-881E-98EE880F9CAC}.DebugAdoNet|x64.ActiveCfg = Debug|Any CPU
		{1A688B25-4665-47A2-881E-98EE880F9CAC}.DebugAdoNet|x64.Build.0 = Debug|Any CPU
		{1A688B25-4665-47A2-881E-98EE880F9CAC}.DebugEF|Any CPU.ActiveCfg = Debug|Any CPU
		{1A688B25-4665-47A2-881E-98EE880F9CAC}.DebugEF|Any CPU.Build.0 = Debug|Any CPU
		{1A688B25-4665-47A2-881E-98EE880F9CAC}.DebugEF|x64.ActiveCfg = Debug|Any CPU
		{1A688B25-4665-47A2-881E-98EE880F9CAC}.DebugEF|x64.Build.0 = Debug|Any CPU
		{1A688B25-4665-47A2-881E-98EE880F9CAC}.Release|Any CPU.ActiveCfg = Release|Any CPU
		{1A688B25-4665-47A2-881E-98EE880F9CAC}.Release|Any CPU.Build.0 = Release|Any CPU
		{1A688B25-4665-47A2-881E-98EE880F9CAC}.Release|x64.ActiveCfg = Release|Any CPU
		{1A688B25-4665-47A2-881E-98EE880F9CAC}.Release|x64.Build.0 = Release|Any CPU
		{33BF59DC-D43B-42B3-AD67-EEF477F76BB5}.DebugAdoNet|Any CPU.ActiveCfg = Debug|Any CPU
		{33BF59DC-D43B-42B3-AD67-EEF477F76BB5}.DebugAdoNet|Any CPU.Build.0 = Debug|Any CPU
		{33BF59DC-D43B-42B3-AD67-EEF477F76BB5}.DebugAdoNet|x64.ActiveCfg = Debug|Any CPU
		{33BF59DC-D43B-42B3-AD67-EEF477F76BB5}.DebugAdoNet|x64.Build.0 = Debug|Any CPU
		{33BF59DC-D43B-42B3-AD67-EEF477F76BB5}.DebugEF|Any CPU.ActiveCfg = Debug|Any CPU
		{33BF59DC-D43B-42B3-AD67-EEF477F76BB5}.DebugEF|Any CPU.Build.0 = Debug|Any CPU
		{33BF59DC-D43B-42B3-AD67-EEF477F76BB5}.DebugEF|x64.ActiveCfg = Debug|Any CPU
		{33BF59DC-D43B-42B3-AD67-EEF477F76BB5}.Release|Any CPU.ActiveCfg = Release|Any CPU
		{33BF59DC-D43B-42B3-AD67-EEF477F76BB5}.Release|Any CPU.Build.0 = Release|Any CPU
		{33BF59DC-D43B-42B3-AD67-EEF477F76BB5}.Release|x64.ActiveCfg = Release|Any CPU
		{33BF59DC-D43B-42B3-AD67-EEF477F76BB5}.Release|x64.Build.0 = Release|Any CPU
		{2DF223E2-2DD9-41B9-9609-92676F0D6D59}.DebugAdoNet|Any CPU.ActiveCfg = Debug|Any CPU
		{2DF223E2-2DD9-41B9-9609-92676F0D6D59}.DebugAdoNet|Any CPU.Build.0 = Debug|Any CPU
		{2DF223E2-2DD9-41B9-9609-92676F0D6D59}.DebugAdoNet|x64.ActiveCfg = Debug|Any CPU
		{2DF223E2-2DD9-41B9-9609-92676F0D6D59}.DebugAdoNet|x64.Build.0 = Debug|Any CPU
		{2DF223E2-2DD9-41B9-9609-92676F0D6D59}.DebugEF|Any CPU.ActiveCfg = Debug|Any CPU
		{2DF223E2-2DD9-41B9-9609-92676F0D6D59}.DebugEF|Any CPU.Build.0 = Debug|Any CPU
		{2DF223E2-2DD9-41B9-9609-92676F0D6D59}.DebugEF|x64.ActiveCfg = Debug|Any CPU
		{2DF223E2-2DD9-41B9-9609-92676F0D6D59}.Release|Any CPU.ActiveCfg = Release|Any CPU
		{2DF223E2-2DD9-41B9-9609-92676F0D6D59}.Release|Any CPU.Build.0 = Release|Any CPU
		{2DF223E2-2DD9-41B9-9609-92676F0D6D59}.Release|x64.ActiveCfg = Release|Any CPU
		{2DF223E2-2DD9-41B9-9609-92676F0D6D59}.Release|x64.Build.0 = Release|Any CPU
		{CB390942-3103-4C81-9B6A-F948B402A181}.DebugAdoNet|Any CPU.ActiveCfg = Debug|Any CPU
		{CB390942-3103-4C81-9B6A-F948B402A181}.DebugAdoNet|Any CPU.Build.0 = Debug|Any CPU
		{CB390942-3103-4C81-9B6A-F948B402A181}.DebugAdoNet|x64.ActiveCfg = Debug|Any CPU
		{CB390942-3103-4C81-9B6A-F948B402A181}.DebugAdoNet|x64.Build.0 = Debug|Any CPU
		{CB390942-3103-4C81-9B6A-F948B402A181}.DebugEF|Any CPU.ActiveCfg = Debug|Any CPU
		{CB390942-3103-4C81-9B6A-F948B402A181}.DebugEF|Any CPU.Build.0 = Debug|Any CPU
		{CB390942-3103-4C81-9B6A-F948B402A181}.DebugEF|x64.ActiveCfg = Debug|Any CPU
		{CB390942-3103-4C81-9B6A-F948B402A181}.Release|Any CPU.ActiveCfg = Release|Any CPU
		{CB390942-3103-4C81-9B6A-F948B402A181}.Release|Any CPU.Build.0 = Release|Any CPU
		{CB390942-3103-4C81-9B6A-F948B402A181}.Release|x64.ActiveCfg = Release|Any CPU
		{CB390942-3103-4C81-9B6A-F948B402A181}.Release|x64.Build.0 = Release|Any CPU
		{284CBDD1-AADB-4CA2-B6F3-88548E9F0764}.DebugAdoNet|Any CPU.ActiveCfg = Debug|Any CPU
		{284CBDD1-AADB-4CA2-B6F3-88548E9F0764}.DebugAdoNet|Any CPU.Build.0 = Debug|Any CPU
		{284CBDD1-AADB-4CA2-B6F3-88548E9F0764}.DebugAdoNet|x64.ActiveCfg = Debug|Any CPU
		{284CBDD1-AADB-4CA2-B6F3-88548E9F0764}.DebugAdoNet|x64.Build.0 = Debug|Any CPU
		{284CBDD1-AADB-4CA2-B6F3-88548E9F0764}.DebugEF|Any CPU.ActiveCfg = Debug|Any CPU
		{284CBDD1-AADB-4CA2-B6F3-88548E9F0764}.DebugEF|Any CPU.Build.0 = Debug|Any CPU
		{284CBDD1-AADB-4CA2-B6F3-88548E9F0764}.DebugEF|x64.ActiveCfg = Debug|Any CPU
		{284CBDD1-AADB-4CA2-B6F3-88548E9F0764}.Release|Any CPU.ActiveCfg = Release|Any CPU
		{284CBDD1-AADB-4CA2-B6F3-88548E9F0764}.Release|Any CPU.Build.0 = Release|Any CPU
		{284CBDD1-AADB-4CA2-B6F3-88548E9F0764}.Release|x64.ActiveCfg = Release|Any CPU
		{284CBDD1-AADB-4CA2-B6F3-88548E9F0764}.Release|x64.Build.0 = Release|Any CPU
		{50CB854F-8AE9-4A2D-A45B-8A4E0D14B91B}.DebugAdoNet|Any CPU.ActiveCfg = Debug|Any CPU
		{50CB854F-8AE9-4A2D-A45B-8A4E0D14B91B}.DebugAdoNet|Any CPU.Build.0 = Debug|Any CPU
		{50CB854F-8AE9-4A2D-A45B-8A4E0D14B91B}.DebugAdoNet|x64.ActiveCfg = Debug|Any CPU
		{50CB854F-8AE9-4A2D-A45B-8A4E0D14B91B}.DebugAdoNet|x64.Build.0 = Debug|Any CPU
		{50CB854F-8AE9-4A2D-A45B-8A4E0D14B91B}.DebugEF|Any CPU.ActiveCfg = Debug|Any CPU
		{50CB854F-8AE9-4A2D-A45B-8A4E0D14B91B}.DebugEF|Any CPU.Build.0 = Debug|Any CPU
		{50CB854F-8AE9-4A2D-A45B-8A4E0D14B91B}.DebugEF|x64.ActiveCfg = Debug|Any CPU
		{50CB854F-8AE9-4A2D-A45B-8A4E0D14B91B}.Release|Any CPU.ActiveCfg = Release|Any CPU
		{50CB854F-8AE9-4A2D-A45B-8A4E0D14B91B}.Release|Any CPU.Build.0 = Release|Any CPU
		{50CB854F-8AE9-4A2D-A45B-8A4E0D14B91B}.Release|x64.ActiveCfg = Release|Any CPU
		{50CB854F-8AE9-4A2D-A45B-8A4E0D14B91B}.Release|x64.Build.0 = Release|Any CPU
		{9F697E06-D181-4ADD-AFFF-21BDD86B38CD}.DebugAdoNet|Any CPU.ActiveCfg = DebugAdoNet|Any CPU
		{9F697E06-D181-4ADD-AFFF-21BDD86B38CD}.DebugAdoNet|Any CPU.Build.0 = DebugAdoNet|Any CPU
		{9F697E06-D181-4ADD-AFFF-21BDD86B38CD}.DebugAdoNet|x64.ActiveCfg = DebugAdoNet|Any CPU
		{9F697E06-D181-4ADD-AFFF-21BDD86B38CD}.DebugAdoNet|x64.Build.0 = DebugAdoNet|Any CPU
		{9F697E06-D181-4ADD-AFFF-21BDD86B38CD}.DebugEF|Any CPU.ActiveCfg = DebugAdoNet|Any CPU
		{9F697E06-D181-4ADD-AFFF-21BDD86B38CD}.DebugEF|Any CPU.Build.0 = DebugAdoNet|Any CPU
		{9F697E06-D181-4ADD-AFFF-21BDD86B38CD}.DebugEF|x64.ActiveCfg = DebugAdoNet|Any CPU
		{9F697E06-D181-4ADD-AFFF-21BDD86B38CD}.Release|Any CPU.ActiveCfg = Release|Any CPU
		{9F697E06-D181-4ADD-AFFF-21BDD86B38CD}.Release|Any CPU.Build.0 = Release|Any CPU
		{9F697E06-D181-4ADD-AFFF-21BDD86B38CD}.Release|x64.ActiveCfg = Release|Any CPU
		{9F697E06-D181-4ADD-AFFF-21BDD86B38CD}.Release|x64.Build.0 = Release|Any CPU
		{423164EA-A2E5-4F2A-AFEF-A86416BAB6FB}.DebugAdoNet|Any CPU.ActiveCfg = DebugAdoNet|Any CPU
		{423164EA-A2E5-4F2A-AFEF-A86416BAB6FB}.DebugAdoNet|Any CPU.Build.0 = DebugAdoNet|Any CPU
		{423164EA-A2E5-4F2A-AFEF-A86416BAB6FB}.DebugAdoNet|x64.ActiveCfg = DebugAdoNet|Any CPU
		{423164EA-A2E5-4F2A-AFEF-A86416BAB6FB}.DebugAdoNet|x64.Build.0 = DebugAdoNet|Any CPU
		{423164EA-A2E5-4F2A-AFEF-A86416BAB6FB}.DebugEF|Any CPU.ActiveCfg = DebugAdoNet|Any CPU
		{423164EA-A2E5-4F2A-AFEF-A86416BAB6FB}.DebugEF|Any CPU.Build.0 = DebugAdoNet|Any CPU
		{423164EA-A2E5-4F2A-AFEF-A86416BAB6FB}.DebugEF|x64.ActiveCfg = DebugAdoNet|Any CPU
		{423164EA-A2E5-4F2A-AFEF-A86416BAB6FB}.Release|Any CPU.ActiveCfg = Release|Any CPU
		{423164EA-A2E5-4F2A-AFEF-A86416BAB6FB}.Release|Any CPU.Build.0 = Release|Any CPU
		{423164EA-A2E5-4F2A-AFEF-A86416BAB6FB}.Release|x64.ActiveCfg = Release|Any CPU
		{423164EA-A2E5-4F2A-AFEF-A86416BAB6FB}.Release|x64.Build.0 = Release|Any CPU
		{495E91C5-B078-48FC-9B6C-FEE5CE1A55A2}.DebugAdoNet|Any CPU.ActiveCfg = Debug|Any CPU
		{495E91C5-B078-48FC-9B6C-FEE5CE1A55A2}.DebugAdoNet|Any CPU.Build.0 = Debug|Any CPU
		{495E91C5-B078-48FC-9B6C-FEE5CE1A55A2}.DebugAdoNet|x64.ActiveCfg = Debug|Any CPU
		{495E91C5-B078-48FC-9B6C-FEE5CE1A55A2}.DebugAdoNet|x64.Build.0 = Debug|Any CPU
		{495E91C5-B078-48FC-9B6C-FEE5CE1A55A2}.DebugEF|Any CPU.ActiveCfg = Debug|Any CPU
		{495E91C5-B078-48FC-9B6C-FEE5CE1A55A2}.DebugEF|Any CPU.Build.0 = Debug|Any CPU
		{495E91C5-B078-48FC-9B6C-FEE5CE1A55A2}.DebugEF|x64.ActiveCfg = Debug|Any CPU
		{495E91C5-B078-48FC-9B6C-FEE5CE1A55A2}.Release|Any CPU.ActiveCfg = Release|Any CPU
		{495E91C5-B078-48FC-9B6C-FEE5CE1A55A2}.Release|Any CPU.Build.0 = Release|Any CPU
		{495E91C5-B078-48FC-9B6C-FEE5CE1A55A2}.Release|x64.ActiveCfg = Release|Any CPU
		{495E91C5-B078-48FC-9B6C-FEE5CE1A55A2}.Release|x64.Build.0 = Release|Any CPU
		{04E0EB59-6A37-47D9-B3A5-6E5A9CF423CF}.DebugAdoNet|Any CPU.ActiveCfg = DebugEF|Any CPU
		{04E0EB59-6A37-47D9-B3A5-6E5A9CF423CF}.DebugAdoNet|Any CPU.Build.0 = DebugEF|Any CPU
		{04E0EB59-6A37-47D9-B3A5-6E5A9CF423CF}.DebugAdoNet|x64.ActiveCfg = DebugEF|Any CPU
		{04E0EB59-6A37-47D9-B3A5-6E5A9CF423CF}.DebugEF|Any CPU.ActiveCfg = DebugEF|Any CPU
		{04E0EB59-6A37-47D9-B3A5-6E5A9CF423CF}.DebugEF|Any CPU.Build.0 = DebugEF|Any CPU
		{04E0EB59-6A37-47D9-B3A5-6E5A9CF423CF}.DebugEF|x64.ActiveCfg = DebugEF|Any CPU
		{04E0EB59-6A37-47D9-B3A5-6E5A9CF423CF}.DebugEF|x64.Build.0 = DebugEF|Any CPU
		{04E0EB59-6A37-47D9-B3A5-6E5A9CF423CF}.Release|Any CPU.ActiveCfg = Release|Any CPU
		{04E0EB59-6A37-47D9-B3A5-6E5A9CF423CF}.Release|Any CPU.Build.0 = Release|Any CPU
		{04E0EB59-6A37-47D9-B3A5-6E5A9CF423CF}.Release|x64.ActiveCfg = Release|Any CPU
		{04E0EB59-6A37-47D9-B3A5-6E5A9CF423CF}.Release|x64.Build.0 = Release|Any CPU
		{481EA4B8-825F-4E4A-B657-7D581F33A8C1}.DebugAdoNet|Any CPU.ActiveCfg = DebugEF|Any CPU
		{481EA4B8-825F-4E4A-B657-7D581F33A8C1}.DebugAdoNet|Any CPU.Build.0 = DebugEF|Any CPU
		{481EA4B8-825F-4E4A-B657-7D581F33A8C1}.DebugAdoNet|x64.ActiveCfg = DebugEF|Any CPU
		{481EA4B8-825F-4E4A-B657-7D581F33A8C1}.DebugEF|Any CPU.ActiveCfg = DebugEF|Any CPU
		{481EA4B8-825F-4E4A-B657-7D581F33A8C1}.DebugEF|Any CPU.Build.0 = DebugEF|Any CPU
		{481EA4B8-825F-4E4A-B657-7D581F33A8C1}.DebugEF|x64.ActiveCfg = DebugEF|Any CPU
		{481EA4B8-825F-4E4A-B657-7D581F33A8C1}.DebugEF|x64.Build.0 = DebugEF|Any CPU
		{481EA4B8-825F-4E4A-B657-7D581F33A8C1}.Release|Any CPU.ActiveCfg = Release|Any CPU
		{481EA4B8-825F-4E4A-B657-7D581F33A8C1}.Release|Any CPU.Build.0 = Release|Any CPU
		{481EA4B8-825F-4E4A-B657-7D581F33A8C1}.Release|x64.ActiveCfg = Release|Any CPU
		{481EA4B8-825F-4E4A-B657-7D581F33A8C1}.Release|x64.Build.0 = Release|Any CPU
		{E9369002-B29E-43F3-BE05-44CB874A58A4}.DebugAdoNet|Any CPU.ActiveCfg = Debug|Any CPU
		{E9369002-B29E-43F3-BE05-44CB874A58A4}.DebugAdoNet|Any CPU.Build.0 = Debug|Any CPU
		{E9369002-B29E-43F3-BE05-44CB874A58A4}.DebugAdoNet|x64.ActiveCfg = Debug|Any CPU
		{E9369002-B29E-43F3-BE05-44CB874A58A4}.DebugAdoNet|x64.Build.0 = Debug|Any CPU
		{E9369002-B29E-43F3-BE05-44CB874A58A4}.DebugEF|Any CPU.ActiveCfg = Debug|Any CPU
		{E9369002-B29E-43F3-BE05-44CB874A58A4}.DebugEF|Any CPU.Build.0 = Debug|Any CPU
		{E9369002-B29E-43F3-BE05-44CB874A58A4}.DebugEF|x64.ActiveCfg = Debug|Any CPU
		{E9369002-B29E-43F3-BE05-44CB874A58A4}.Release|Any CPU.ActiveCfg = Release|Any CPU
		{E9369002-B29E-43F3-BE05-44CB874A58A4}.Release|Any CPU.Build.0 = Release|Any CPU
		{E9369002-B29E-43F3-BE05-44CB874A58A4}.Release|x64.ActiveCfg = Release|Any CPU
		{E9369002-B29E-43F3-BE05-44CB874A58A4}.Release|x64.Build.0 = Release|Any CPU
		{C8243A05-0564-4FBB-B603-5141ED12A687}.DebugAdoNet|Any CPU.ActiveCfg = Debug|Any CPU
		{C8243A05-0564-4FBB-B603-5141ED12A687}.DebugAdoNet|Any CPU.Deploy.0 = Debug|Any CPU
		{C8243A05-0564-4FBB-B603-5141ED12A687}.DebugAdoNet|x64.ActiveCfg = Debug|Any CPU
		{C8243A05-0564-4FBB-B603-5141ED12A687}.DebugAdoNet|x64.Build.0 = Debug|Any CPU
		{C8243A05-0564-4FBB-B603-5141ED12A687}.DebugAdoNet|x64.Deploy.0 = Debug|Any CPU
		{C8243A05-0564-4FBB-B603-5141ED12A687}.DebugEF|Any CPU.ActiveCfg = Debug|Any CPU
		{C8243A05-0564-4FBB-B603-5141ED12A687}.DebugEF|Any CPU.Deploy.0 = Debug|Any CPU
		{C8243A05-0564-4FBB-B603-5141ED12A687}.DebugEF|x64.ActiveCfg = Debug|Any CPU
		{C8243A05-0564-4FBB-B603-5141ED12A687}.DebugEF|x64.Build.0 = Debug|Any CPU
		{C8243A05-0564-4FBB-B603-5141ED12A687}.DebugEF|x64.Deploy.0 = Debug|Any CPU
		{C8243A05-0564-4FBB-B603-5141ED12A687}.Release|Any CPU.ActiveCfg = Release|Any CPU
		{C8243A05-0564-4FBB-B603-5141ED12A687}.Release|Any CPU.Build.0 = Release|Any CPU
		{C8243A05-0564-4FBB-B603-5141ED12A687}.Release|Any CPU.Deploy.0 = Release|Any CPU
		{C8243A05-0564-4FBB-B603-5141ED12A687}.Release|x64.ActiveCfg = Release|Any CPU
		{C8243A05-0564-4FBB-B603-5141ED12A687}.Release|x64.Build.0 = Release|Any CPU
		{C8243A05-0564-4FBB-B603-5141ED12A687}.Release|x64.Deploy.0 = Release|Any CPU
		{DE170738-2426-4146-A0D2-45D659E15390}.DebugAdoNet|Any CPU.ActiveCfg = DebugAdoNet|Any CPU
		{DE170738-2426-4146-A0D2-45D659E15390}.DebugAdoNet|Any CPU.Build.0 = DebugAdoNet|Any CPU
		{DE170738-2426-4146-A0D2-45D659E15390}.DebugAdoNet|x64.ActiveCfg = DebugAdoNet|Any CPU
		{DE170738-2426-4146-A0D2-45D659E15390}.DebugAdoNet|x64.Build.0 = DebugAdoNet|Any CPU
		{DE170738-2426-4146-A0D2-45D659E15390}.DebugEF|Any CPU.ActiveCfg = DebugEF|Any CPU
		{DE170738-2426-4146-A0D2-45D659E15390}.DebugEF|Any CPU.Build.0 = DebugEF|Any CPU
		{DE170738-2426-4146-A0D2-45D659E15390}.DebugEF|x64.ActiveCfg = DebugEF|Any CPU
		{DE170738-2426-4146-A0D2-45D659E15390}.DebugEF|x64.Build.0 = DebugEF|Any CPU
		{DE170738-2426-4146-A0D2-45D659E15390}.Release|Any CPU.ActiveCfg = Release|Any CPU
		{DE170738-2426-4146-A0D2-45D659E15390}.Release|Any CPU.Build.0 = Release|Any CPU
		{DE170738-2426-4146-A0D2-45D659E15390}.Release|x64.ActiveCfg = Release|Any CPU
		{DE170738-2426-4146-A0D2-45D659E15390}.Release|x64.Build.0 = Release|Any CPU
	EndGlobalSection
	GlobalSection(SolutionProperties) = preSolution
		HideSolutionNode = FALSE
	EndGlobalSection
	GlobalSection(NestedProjects) = preSolution
		{33BF59DC-D43B-42B3-AD67-EEF477F76BB5} = {4123A0E8-65B5-4C4E-92A2-DF97DC0598FA}
		{2DF223E2-2DD9-41B9-9609-92676F0D6D59} = {4123A0E8-65B5-4C4E-92A2-DF97DC0598FA}
		{CB390942-3103-4C81-9B6A-F948B402A181} = {4123A0E8-65B5-4C4E-92A2-DF97DC0598FA}
		{284CBDD1-AADB-4CA2-B6F3-88548E9F0764} = {4123A0E8-65B5-4C4E-92A2-DF97DC0598FA}
		{50CB854F-8AE9-4A2D-A45B-8A4E0D14B91B} = {4123A0E8-65B5-4C4E-92A2-DF97DC0598FA}
		{9F697E06-D181-4ADD-AFFF-21BDD86B38CD} = {4123A0E8-65B5-4C4E-92A2-DF97DC0598FA}
		{423164EA-A2E5-4F2A-AFEF-A86416BAB6FB} = {4123A0E8-65B5-4C4E-92A2-DF97DC0598FA}
		{495E91C5-B078-48FC-9B6C-FEE5CE1A55A2} = {4123A0E8-65B5-4C4E-92A2-DF97DC0598FA}
		{04E0EB59-6A37-47D9-B3A5-6E5A9CF423CF} = {4123A0E8-65B5-4C4E-92A2-DF97DC0598FA}
		{481EA4B8-825F-4E4A-B657-7D581F33A8C1} = {4123A0E8-65B5-4C4E-92A2-DF97DC0598FA}
		{E9369002-B29E-43F3-BE05-44CB874A58A4} = {4123A0E8-65B5-4C4E-92A2-DF97DC0598FA}
	EndGlobalSection
	GlobalSection(ExtensibilityGlobals) = postSolution
		SolutionGuid = {F993E494-EB04-4BB6-B99E-0EE747230BEE}
	EndGlobalSection
EndGlobal
