
Microsoft Visual Studio Solution File, Format Version 12.00
# Visual Studio Version 16
VisualStudioVersion = 16.0.31410.357
MinimumVisualStudioVersion = 10.0.40219.1
Project("{FAE04EC0-301F-11D3-BF4B-00C04F79EFBC}") = "ConvertYamlToSql", "ConvertYamlToSql\ConvertYamlToSql.csproj", "{A851268D-1D45-4F92-8C07-CDD787CA56EA}"
EndProject
Global
	GlobalSection(SolutionConfigurationPlatforms) = preSolution
		Debug|Any CPU = Debug|Any CPU
		Release|Any CPU = Release|Any CPU
	EndGlobalSection
	GlobalSection(ProjectConfigurationPlatforms) = postSolution
		{A851268D-1D45-4F92-8C07-CDD787CA56EA}.Debug|Any CPU.ActiveCfg = Debug|Any CPU
		{A851268D-1D45-4F92-8C07-CDD787CA56EA}.Debug|Any CPU.Build.0 = Debug|Any CPU
		{A851268D-1D45-4F92-8C07-CDD787CA56EA}.Release|Any CPU.ActiveCfg = Release|Any CPU
		{A851268D-1D45-4F92-8C07-CDD787CA56EA}.Release|Any CPU.Build.0 = Release|Any CPU
	EndGlobalSection
	GlobalSection(SolutionProperties) = preSolution
		HideSolutionNode = FALSE
	EndGlobalSection
	GlobalSection(ExtensibilityGlobals) = postSolution
		SolutionGuid = {0AE1EDBD-CAE4-47F5-A499-D4870EC712C2}
	EndGlobalSection
EndGlobal
